
Microsoft Visual Studio Solution File, Format Version 12.00
# Visual Studio 15
VisualStudioVersion = 15.0.27130.2020
MinimumVisualStudioVersion = 10.0.40219.1
Project("{E24C65DC-7377-472B-9ABA-BC803B73C61A}") = "WebSite5", "WebSite5\", "{479E4990-E4BD-42AA-884D-9FE99B2ABA7F}"
	ProjectSection(WebsiteProperties) = preProject
		TargetFrameworkMoniker = ".NETFramework,Version%3Dv4.6"
		Debug.AspNetCompiler.VirtualPath = "/localhost_51062"
		Debug.AspNetCompiler.PhysicalPath = "E:\Prashant\My projects\SOA\WebSite5\"
		Debug.AspNetCompiler.TargetPath = "PrecompiledWeb\localhost_51062\"
		Debug.AspNetCompiler.Updateable = "true"
		Debug.AspNetCompiler.ForceOverwrite = "true"
		Debug.AspNetCompiler.FixedNames = "false"
		Debug.AspNetCompiler.Debug = "True"
		Release.AspNetCompiler.VirtualPath = "/localhost_51062"
		Release.AspNetCompiler.PhysicalPath = "E:\Prashant\My projects\SOA\WebSite5\"
		Release.AspNetCompiler.TargetPath = "PrecompiledWeb\localhost_51062\"
		Release.AspNetCompiler.Updateable = "true"
		Release.AspNetCompiler.ForceOverwrite = "true"
		Release.AspNetCompiler.FixedNames = "false"
		Release.AspNetCompiler.Debug = "False"
		VWDPort = "51062"
	EndProjectSection
EndProject
Global
	GlobalSection(SolutionConfigurationPlatforms) = preSolution
		Debug|Any CPU = Debug|Any CPU
	EndGlobalSection
	GlobalSection(ProjectConfigurationPlatforms) = postSolution
		{479E4990-E4BD-42AA-884D-9FE99B2ABA7F}.Debug|Any CPU.ActiveCfg = Debug|Any CPU
		{479E4990-E4BD-42AA-884D-9FE99B2ABA7F}.Debug|Any CPU.Build.0 = Debug|Any CPU
	EndGlobalSection
	GlobalSection(SolutionProperties) = preSolution
		HideSolutionNode = FALSE
	EndGlobalSection
	GlobalSection(ExtensibilityGlobals) = postSolution
		SolutionGuid = {190B3A06-5694-4C76-AB30-7D5881553B16}
	EndGlobalSection
EndGlobal
